// !$*UTF8*$!
{
	archiveVersion = 1;
	classes = {
	};
	objectVersion = 56;
	objects = {

/* Begin PBXBuildFile section */
		050255572C11D6AE0004090C /* CurrencyHistoryView.swift in Sources */ = {isa = PBXBuildFile; fileRef = 050255562C11D6AE0004090C /* CurrencyHistoryView.swift */; };
		050255592C11DA7A0004090C /* CurrencyHistory.swift in Sources */ = {isa = PBXBuildFile; fileRef = 050255582C11DA7A0004090C /* CurrencyHistory.swift */; };
		0502555B2C11EC090004090C /* BusinessToBusinessView.swift in Sources */ = {isa = PBXBuildFile; fileRef = 0502555A2C11EC090004090C /* BusinessToBusinessView.swift */; };
		0502555D2C11ECA60004090C /* BusinessToConsumerView.swift in Sources */ = {isa = PBXBuildFile; fileRef = 0502555C2C11ECA60004090C /* BusinessToConsumerView.swift */; };
		0502555F2C11ECC20004090C /* B2B2cView.swift in Sources */ = {isa = PBXBuildFile; fileRef = 0502555E2C11ECC20004090C /* B2B2cView.swift */; };
		0529FE3E2C0486A600F59EBB /* CurrencyData.swift in Sources */ = {isa = PBXBuildFile; fileRef = 0529FE3D2C0486A600F59EBB /* CurrencyData.swift */; };
		057B7B2F2BF606780004B442 /* Forex_Calc_Swift_UIApp.swift in Sources */ = {isa = PBXBuildFile; fileRef = 057B7B2E2BF606780004B442 /* Forex_Calc_Swift_UIApp.swift */; };
		057B7B332BF606790004B442 /* Assets.xcassets in Resources */ = {isa = PBXBuildFile; fileRef = 057B7B322BF606790004B442 /* Assets.xcassets */; };
		057B7B362BF606790004B442 /* Preview Assets.xcassets in Resources */ = {isa = PBXBuildFile; fileRef = 057B7B352BF606790004B442 /* Preview Assets.xcassets */; };
		057B7B3D2BF6099B0004B442 /* QuickConvertView.swift in Sources */ = {isa = PBXBuildFile; fileRef = 057B7B3C2BF6099B0004B442 /* QuickConvertView.swift */; };
		057B7B3F2BF60EF70004B442 /* Splashscreen.swift in Sources */ = {isa = PBXBuildFile; fileRef = 057B7B3E2BF60EF70004B442 /* Splashscreen.swift */; };
		057B7B412BF60F570004B442 /* LoginView.swift in Sources */ = {isa = PBXBuildFile; fileRef = 057B7B402BF60F570004B442 /* LoginView.swift */; };
		057B7B432BF60FC00004B442 /* SignUpView.swift in Sources */ = {isa = PBXBuildFile; fileRef = 057B7B422BF60FC00004B442 /* SignUpView.swift */; };
		057B7B452BF60FFD0004B442 /* ResetPasswordPage.swift in Sources */ = {isa = PBXBuildFile; fileRef = 057B7B442BF60FFD0004B442 /* ResetPasswordPage.swift */; };
		057B7B472BF610380004B442 /* DashboardView.swift in Sources */ = {isa = PBXBuildFile; fileRef = 057B7B462BF610380004B442 /* DashboardView.swift */; };
		057B7B492BF628D60004B442 /* MyWalletView.swift in Sources */ = {isa = PBXBuildFile; fileRef = 057B7B482BF628D60004B442 /* MyWalletView.swift */; };
		057BAEA02C1337000092892C /* CurrencyListView.swift in Sources */ = {isa = PBXBuildFile; fileRef = 057BAE9F2C1337000092892C /* CurrencyListView.swift */; };
		057BAEA22C1337470092892C /* CurrencyDataService.swift in Sources */ = {isa = PBXBuildFile; fileRef = 057BAEA12C1337470092892C /* CurrencyDataService.swift */; };
		057BAEA52C1341F30092892C /* LogoutView.swift in Sources */ = {isa = PBXBuildFile; fileRef = 057BAEA42C1341F30092892C /* LogoutView.swift */; };
		05BB79022C00C5E500083550 /* CurrencyChartsView.swift in Sources */ = {isa = PBXBuildFile; fileRef = 05BB79012C00C5E500083550 /* CurrencyChartsView.swift */; };
		05BB79052C00CB5300083550 /* NetworkManager.swift in Sources */ = {isa = PBXBuildFile; fileRef = 05BB79042C00CB5300083550 /* NetworkManager.swift */; };
		05BB79072C00D3A800083550 /* CurrencyConverterViewModel.swift in Sources */ = {isa = PBXBuildFile; fileRef = 05BB79062C00D3A800083550 /* CurrencyConverterViewModel.swift */; };
/* End PBXBuildFile section */

/* Begin PBXFileReference section */
		050255562C11D6AE0004090C /* CurrencyHistoryView.swift */ = {isa = PBXFileReference; lastKnownFileType = sourcecode.swift; path = CurrencyHistoryView.swift; sourceTree = "<group>"; };
		050255582C11DA7A0004090C /* CurrencyHistory.swift */ = {isa = PBXFileReference; lastKnownFileType = sourcecode.swift; path = CurrencyHistory.swift; sourceTree = "<group>"; };
		0502555A2C11EC090004090C /* BusinessToBusinessView.swift */ = {isa = PBXFileReference; lastKnownFileType = sourcecode.swift; path = BusinessToBusinessView.swift; sourceTree = "<group>"; };
		0502555C2C11ECA60004090C /* BusinessToConsumerView.swift */ = {isa = PBXFileReference; lastKnownFileType = sourcecode.swift; path = BusinessToConsumerView.swift; sourceTree = "<group>"; };
		0502555E2C11ECC20004090C /* B2B2cView.swift */ = {isa = PBXFileReference; lastKnownFileType = sourcecode.swift; path = B2B2cView.swift; sourceTree = "<group>"; };
		0529FE3D2C0486A600F59EBB /* CurrencyData.swift */ = {isa = PBXFileReference; lastKnownFileType = sourcecode.swift; path = CurrencyData.swift; sourceTree = "<group>"; };
		057B7B2B2BF606780004B442 /* Forex Calc Swift UI.app */ = {isa = PBXFileReference; explicitFileType = wrapper.application; includeInIndex = 0; path = "Forex Calc Swift UI.app"; sourceTree = BUILT_PRODUCTS_DIR; };
		057B7B2E2BF606780004B442 /* Forex_Calc_Swift_UIApp.swift */ = {isa = PBXFileReference; lastKnownFileType = sourcecode.swift; path = Forex_Calc_Swift_UIApp.swift; sourceTree = "<group>"; };
		057B7B322BF606790004B442 /* Assets.xcassets */ = {isa = PBXFileReference; lastKnownFileType = folder.assetcatalog; path = Assets.xcassets; sourceTree = "<group>"; };
		057B7B352BF606790004B442 /* Preview Assets.xcassets */ = {isa = PBXFileReference; lastKnownFileType = folder.assetcatalog; path = "Preview Assets.xcassets"; sourceTree = "<group>"; };
		057B7B3C2BF6099B0004B442 /* QuickConvertView.swift */ = {isa = PBXFileReference; lastKnownFileType = sourcecode.swift; path = QuickConvertView.swift; sourceTree = "<group>"; };
		057B7B3E2BF60EF70004B442 /* Splashscreen.swift */ = {isa = PBXFileReference; lastKnownFileType = sourcecode.swift; path = Splashscreen.swift; sourceTree = "<group>"; };
		057B7B402BF60F570004B442 /* LoginView.swift */ = {isa = PBXFileReference; lastKnownFileType = sourcecode.swift; path = LoginView.swift; sourceTree = "<group>"; };
		057B7B422BF60FC00004B442 /* SignUpView.swift */ = {isa = PBXFileReference; lastKnownFileType = sourcecode.swift; path = SignUpView.swift; sourceTree = "<group>"; };
		057B7B442BF60FFD0004B442 /* ResetPasswordPage.swift */ = {isa = PBXFileReference; lastKnownFileType = sourcecode.swift; path = ResetPasswordPage.swift; sourceTree = "<group>"; };
		057B7B462BF610380004B442 /* DashboardView.swift */ = {isa = PBXFileReference; lastKnownFileType = sourcecode.swift; path = DashboardView.swift; sourceTree = "<group>"; };
		057B7B482BF628D60004B442 /* MyWalletView.swift */ = {isa = PBXFileReference; lastKnownFileType = sourcecode.swift; path = MyWalletView.swift; sourceTree = "<group>"; };
		057BAE9F2C1337000092892C /* CurrencyListView.swift */ = {isa = PBXFileReference; lastKnownFileType = sourcecode.swift; path = CurrencyListView.swift; sourceTree = "<group>"; };
		057BAEA12C1337470092892C /* CurrencyDataService.swift */ = {isa = PBXFileReference; lastKnownFileType = sourcecode.swift; path = CurrencyDataService.swift; sourceTree = "<group>"; };
		057BAEA42C1341F30092892C /* LogoutView.swift */ = {isa = PBXFileReference; lastKnownFileType = sourcecode.swift; path = LogoutView.swift; sourceTree = "<group>"; };
		05BB79012C00C5E500083550 /* CurrencyChartsView.swift */ = {isa = PBXFileReference; lastKnownFileType = sourcecode.swift; path = CurrencyChartsView.swift; sourceTree = "<group>"; };
		05BB79042C00CB5300083550 /* NetworkManager.swift */ = {isa = PBXFileReference; lastKnownFileType = sourcecode.swift; path = NetworkManager.swift; sourceTree = "<group>"; };
		05BB79062C00D3A800083550 /* CurrencyConverterViewModel.swift */ = {isa = PBXFileReference; lastKnownFileType = sourcecode.swift; path = CurrencyConverterViewModel.swift; sourceTree = "<group>"; };
/* End PBXFileReference section */

/* Begin PBXFrameworksBuildPhase section */
		057B7B282BF606780004B442 /* Frameworks */ = {
			isa = PBXFrameworksBuildPhase;
			buildActionMask = 2147483647;
			files = (
			);
			runOnlyForDeploymentPostprocessing = 0;
		};
/* End PBXFrameworksBuildPhase section */

/* Begin PBXGroup section */
		057B7B222BF606780004B442 = {
			isa = PBXGroup;
			children = (
				057B7B2D2BF606780004B442 /* Forex Calc Swift UI */,
				057B7B2C2BF606780004B442 /* Products */,
			);
			sourceTree = "<group>";
		};
		057B7B2C2BF606780004B442 /* Products */ = {
			isa = PBXGroup;
			children = (
				057B7B2B2BF606780004B442 /* Forex Calc Swift UI.app */,
			);
			name = Products;
			sourceTree = "<group>";
		};
		057B7B2D2BF606780004B442 /* Forex Calc Swift UI */ = {
			isa = PBXGroup;
			children = (
				05BB79082C00D3EE00083550 /* Models */,
				05BB79032C00C91600083550 /* Managers */,
				05BB78FF2C00BEC900083550 /* BaseApp */,
				05BB78FE2C00BC9700083550 /* Screens */,
				057B7B322BF606790004B442 /* Assets.xcassets */,
				057BAEA32C1339320092892C /* Servies */,
				057B7B342BF606790004B442 /* Preview Content */,
			);
			path = "Forex Calc Swift UI";
			sourceTree = "<group>";
		};
		057B7B342BF606790004B442 /* Preview Content */ = {
			isa = PBXGroup;
			children = (
				057B7B352BF606790004B442 /* Preview Assets.xcassets */,
			);
			path = "Preview Content";
			sourceTree = "<group>";
		};
		057BAEA32C1339320092892C /* Servies */ = {
			isa = PBXGroup;
			children = (
				057BAEA12C1337470092892C /* CurrencyDataService.swift */,
			);
			path = Servies;
			sourceTree = "<group>";
		};
		05BB78FE2C00BC9700083550 /* Screens */ = {
			isa = PBXGroup;
			children = (
				05BB79002C00BEE700083550 /* DashboardMenu */,
				057B7B402BF60F570004B442 /* LoginView.swift */,
				057B7B442BF60FFD0004B442 /* ResetPasswordPage.swift */,
				057B7B3E2BF60EF70004B442 /* Splashscreen.swift */,
				057B7B422BF60FC00004B442 /* SignUpView.swift */,
				057BAE9F2C1337000092892C /* CurrencyListView.swift */,
				057B7B462BF610380004B442 /* DashboardView.swift */,
				057BAEA42C1341F30092892C /* LogoutView.swift */,
			);
			path = Screens;
			sourceTree = "<group>";
		};
		05BB78FF2C00BEC900083550 /* BaseApp */ = {
			isa = PBXGroup;
			children = (
				057B7B2E2BF606780004B442 /* Forex_Calc_Swift_UIApp.swift */,
			);
			path = BaseApp;
			sourceTree = "<group>";
		};
		05BB79002C00BEE700083550 /* DashboardMenu */ = {
			isa = PBXGroup;
			children = (
				057B7B3C2BF6099B0004B442 /* QuickConvertView.swift */,
				057B7B482BF628D60004B442 /* MyWalletView.swift */,
				05BB79012C00C5E500083550 /* CurrencyChartsView.swift */,
				050255562C11D6AE0004090C /* CurrencyHistoryView.swift */,
				0502555A2C11EC090004090C /* BusinessToBusinessView.swift */,
				0502555C2C11ECA60004090C /* BusinessToConsumerView.swift */,
				0502555E2C11ECC20004090C /* B2B2cView.swift */,
			);
			path = DashboardMenu;
			sourceTree = "<group>";
		};
		05BB79032C00C91600083550 /* Managers */ = {
			isa = PBXGroup;
			children = (
				05BB79042C00CB5300083550 /* NetworkManager.swift */,
			);
			path = Managers;
			sourceTree = "<group>";
		};
		05BB79082C00D3EE00083550 /* Models */ = {
			isa = PBXGroup;
			children = (
				0529FE3D2C0486A600F59EBB /* CurrencyData.swift */,
				05BB79062C00D3A800083550 /* CurrencyConverterViewModel.swift */,
				050255582C11DA7A0004090C /* CurrencyHistory.swift */,
			);
			path = Models;
			sourceTree = "<group>";
		};
/* End PBXGroup section */

/* Begin PBXNativeTarget section */
		057B7B2A2BF606780004B442 /* Forex Calc Swift UI */ = {
			isa = PBXNativeTarget;
			buildConfigurationList = 057B7B392BF606790004B442 /* Build configuration list for PBXNativeTarget "Forex Calc Swift UI" */;
			buildPhases = (
				057B7B272BF606780004B442 /* Sources */,
				057B7B282BF606780004B442 /* Frameworks */,
				057B7B292BF606780004B442 /* Resources */,
			);
			buildRules = (
			);
			dependencies = (
			);
			name = "Forex Calc Swift UI";
			productName = "Forex Calc Swift UI";
			productReference = 057B7B2B2BF606780004B442 /* Forex Calc Swift UI.app */;
			productType = "com.apple.product-type.application";
		};
/* End PBXNativeTarget section */

/* Begin PBXProject section */
		057B7B232BF606780004B442 /* Project object */ = {
			isa = PBXProject;
			attributes = {
				BuildIndependentTargetsInParallel = 1;
				LastSwiftUpdateCheck = 1430;
				LastUpgradeCheck = 1430;
				TargetAttributes = {
					057B7B2A2BF606780004B442 = {
						CreatedOnToolsVersion = 14.3;
					};
				};
			};
			buildConfigurationList = 057B7B262BF606780004B442 /* Build configuration list for PBXProject "Forex Calc Swift UI" */;
			compatibilityVersion = "Xcode 14.0";
			developmentRegion = en;
			hasScannedForEncodings = 0;
			knownRegions = (
				en,
				Base,
			);
			mainGroup = 057B7B222BF606780004B442;
			productRefGroup = 057B7B2C2BF606780004B442 /* Products */;
			projectDirPath = "";
			projectRoot = "";
			targets = (
				057B7B2A2BF606780004B442 /* Forex Calc Swift UI */,
			);
		};
/* End PBXProject section */

/* Begin PBXResourcesBuildPhase section */
		057B7B292BF606780004B442 /* Resources */ = {
			isa = PBXResourcesBuildPhase;
			buildActionMask = 2147483647;
			files = (
				057B7B362BF606790004B442 /* Preview Assets.xcassets in Resources */,
				057B7B332BF606790004B442 /* Assets.xcassets in Resources */,
			);
			runOnlyForDeploymentPostprocessing = 0;
		};
/* End PBXResourcesBuildPhase section */

/* Begin PBXSourcesBuildPhase section */
		057B7B272BF606780004B442 /* Sources */ = {
			isa = PBXSourcesBuildPhase;
			buildActionMask = 2147483647;
			files = (
				057B7B3F2BF60EF70004B442 /* Splashscreen.swift in Sources */,
				057B7B472BF610380004B442 /* DashboardView.swift in Sources */,
				057BAEA22C1337470092892C /* CurrencyDataService.swift in Sources */,
				05BB79052C00CB5300083550 /* NetworkManager.swift in Sources */,
				05BB79022C00C5E500083550 /* CurrencyChartsView.swift in Sources */,
				050255572C11D6AE0004090C /* CurrencyHistoryView.swift in Sources */,
				0502555F2C11ECC20004090C /* B2B2cView.swift in Sources */,
				057B7B492BF628D60004B442 /* MyWalletView.swift in Sources */,
				0502555B2C11EC090004090C /* BusinessToBusinessView.swift in Sources */,
				057B7B3D2BF6099B0004B442 /* QuickConvertView.swift in Sources */,
				0529FE3E2C0486A600F59EBB /* CurrencyData.swift in Sources */,
				057B7B412BF60F570004B442 /* LoginView.swift in Sources */,
				057BAEA52C1341F30092892C /* LogoutView.swift in Sources */,
				057B7B452BF60FFD0004B442 /* ResetPasswordPage.swift in Sources */,
				057B7B432BF60FC00004B442 /* SignUpView.swift in Sources */,
				057BAEA02C1337000092892C /* CurrencyListView.swift in Sources */,
				050255592C11DA7A0004090C /* CurrencyHistory.swift in Sources */,
				0502555D2C11ECA60004090C /* BusinessToConsumerView.swift in Sources */,
				057B7B2F2BF606780004B442 /* Forex_Calc_Swift_UIApp.swift in Sources */,
				05BB79072C00D3A800083550 /* CurrencyConverterViewModel.swift in Sources */,
			);
			runOnlyForDeploymentPostprocessing = 0;
		};
/* End PBXSourcesBuildPhase section */

/* Begin XCBuildConfiguration section */
		057B7B372BF606790004B442 /* Debug */ = {
			isa = XCBuildConfiguration;
			buildSettings = {
				ALWAYS_SEARCH_USER_PATHS = NO;
				CLANG_ANALYZER_NONNULL = YES;
				CLANG_ANALYZER_NUMBER_OBJECT_CONVERSION = YES_AGGRESSIVE;
				CLANG_CXX_LANGUAGE_STANDARD = "gnu++20";
				CLANG_ENABLE_MODULES = YES;
				CLANG_ENABLE_OBJC_ARC = YES;
				CLANG_ENABLE_OBJC_WEAK = YES;
				CLANG_WARN_BLOCK_CAPTURE_AUTORELEASING = YES;
				CLANG_WARN_BOOL_CONVERSION = YES;
				CLANG_WARN_COMMA = YES;
				CLANG_WARN_CONSTANT_CONVERSION = YES;
				CLANG_WARN_DEPRECATED_OBJC_IMPLEMENTATIONS = YES;
				CLANG_WARN_DIRECT_OBJC_ISA_USAGE = YES_ERROR;
				CLANG_WARN_DOCUMENTATION_COMMENTS = YES;
				CLANG_WARN_EMPTY_BODY = YES;
				CLANG_WARN_ENUM_CONVERSION = YES;
				CLANG_WARN_INFINITE_RECURSION = YES;
				CLANG_WARN_INT_CONVERSION = YES;
				CLANG_WARN_NON_LITERAL_NULL_CONVERSION = YES;
				CLANG_WARN_OBJC_IMPLICIT_RETAIN_SELF = YES;
				CLANG_WARN_OBJC_LITERAL_CONVERSION = YES;
				CLANG_WARN_OBJC_ROOT_CLASS = YES_ERROR;
				CLANG_WARN_QUOTED_INCLUDE_IN_FRAMEWORK_HEADER = YES;
				CLANG_WARN_RANGE_LOOP_ANALYSIS = YES;
				CLANG_WARN_STRICT_PROTOTYPES = YES;
				CLANG_WARN_SUSPICIOUS_MOVE = YES;
				CLANG_WARN_UNGUARDED_AVAILABILITY = YES_AGGRESSIVE;
				CLANG_WARN_UNREACHABLE_CODE = YES;
				CLANG_WARN__DUPLICATE_METHOD_MATCH = YES;
				COPY_PHASE_STRIP = NO;
				DEBUG_INFORMATION_FORMAT = dwarf;
				ENABLE_STRICT_OBJC_MSGSEND = YES;
				ENABLE_TESTABILITY = YES;
				GCC_C_LANGUAGE_STANDARD = gnu11;
				GCC_DYNAMIC_NO_PIC = NO;
				GCC_NO_COMMON_BLOCKS = YES;
				GCC_OPTIMIZATION_LEVEL = 0;
				GCC_PREPROCESSOR_DEFINITIONS = (
					"DEBUG=1",
					"$(inherited)",
				);
				GCC_WARN_64_TO_32_BIT_CONVERSION = YES;
				GCC_WARN_ABOUT_RETURN_TYPE = YES_ERROR;
				GCC_WARN_UNDECLARED_SELECTOR = YES;
				GCC_WARN_UNINITIALIZED_AUTOS = YES_AGGRESSIVE;
				GCC_WARN_UNUSED_FUNCTION = YES;
				GCC_WARN_UNUSED_VARIABLE = YES;
				IPHONEOS_DEPLOYMENT_TARGET = 16.4;
				MTL_ENABLE_DEBUG_INFO = INCLUDE_SOURCE;
				MTL_FAST_MATH = YES;
				ONLY_ACTIVE_ARCH = YES;
				SDKROOT = iphoneos;
				SWIFT_ACTIVE_COMPILATION_CONDITIONS = DEBUG;
				SWIFT_OPTIMIZATION_LEVEL = "-Onone";
			};
			name = Debug;
		};
		057B7B382BF606790004B442 /* Release */ = {
			isa = XCBuildConfiguration;
			buildSettings = {
				ALWAYS_SEARCH_USER_PATHS = NO;
				CLANG_ANALYZER_NONNULL = YES;
				CLANG_ANALYZER_NUMBER_OBJECT_CONVERSION = YES_AGGRESSIVE;
				CLANG_CXX_LANGUAGE_STANDARD = "gnu++20";
				CLANG_ENABLE_MODULES = YES;
				CLANG_ENABLE_OBJC_ARC = YES;
				CLANG_ENABLE_OBJC_WEAK = YES;
				CLANG_WARN_BLOCK_CAPTURE_AUTORELEASING = YES;
				CLANG_WARN_BOOL_CONVERSION = YES;
				CLANG_WARN_COMMA = YES;
				CLANG_WARN_CONSTANT_CONVERSION = YES;
				CLANG_WARN_DEPRECATED_OBJC_IMPLEMENTATIONS = YES;
				CLANG_WARN_DIRECT_OBJC_ISA_USAGE = YES_ERROR;
				CLANG_WARN_DOCUMENTATION_COMMENTS = YES;
				CLANG_WARN_EMPTY_BODY = YES;
				CLANG_WARN_ENUM_CONVERSION = YES;
				CLANG_WARN_INFINITE_RECURSION = YES;
				CLANG_WARN_INT_CONVERSION = YES;
				CLANG_WARN_NON_LITERAL_NULL_CONVERSION = YES;
				CLANG_WARN_OBJC_IMPLICIT_RETAIN_SELF = YES;
				CLANG_WARN_OBJC_LITERAL_CONVERSION = YES;
				CLANG_WARN_OBJC_ROOT_CLASS = YES_ERROR;
				CLANG_WARN_QUOTED_INCLUDE_IN_FRAMEWORK_HEADER = YES;
				CLANG_WARN_RANGE_LOOP_ANALYSIS = YES;
				CLANG_WARN_STRICT_PROTOTYPES = YES;
				CLANG_WARN_SUSPICIOUS_MOVE = YES;
				CLANG_WARN_UNGUARDED_AVAILABILITY = YES_AGGRESSIVE;
				CLANG_WARN_UNREACHABLE_CODE = YES;
				CLANG_WARN__DUPLICATE_METHOD_MATCH = YES;
				COPY_PHASE_STRIP = NO;
				DEBUG_INFORMATION_FORMAT = "dwarf-with-dsym";
				ENABLE_NS_ASSERTIONS = NO;
				ENABLE_STRICT_OBJC_MSGSEND = YES;
				GCC_C_LANGUAGE_STANDARD = gnu11;
				GCC_NO_COMMON_BLOCKS = YES;
				GCC_WARN_64_TO_32_BIT_CONVERSION = YES;
				GCC_WARN_ABOUT_RETURN_TYPE = YES_ERROR;
				GCC_WARN_UNDECLARED_SELECTOR = YES;
				GCC_WARN_UNINITIALIZED_AUTOS = YES_AGGRESSIVE;
				GCC_WARN_UNUSED_FUNCTION = YES;
				GCC_WARN_UNUSED_VARIABLE = YES;
				IPHONEOS_DEPLOYMENT_TARGET = 16.4;
				MTL_ENABLE_DEBUG_INFO = NO;
				MTL_FAST_MATH = YES;
				SDKROOT = iphoneos;
				SWIFT_COMPILATION_MODE = wholemodule;
				SWIFT_OPTIMIZATION_LEVEL = "-O";
				VALIDATE_PRODUCT = YES;
			};
			name = Release;
		};
		057B7B3A2BF606790004B442 /* Debug */ = {
			isa = XCBuildConfiguration;
			buildSettings = {
				ASSETCATALOG_COMPILER_APPICON_NAME = AppIcon;
				ASSETCATALOG_COMPILER_GLOBAL_ACCENT_COLOR_NAME = AccentColor;
				CODE_SIGN_STYLE = Automatic;
				CURRENT_PROJECT_VERSION = 1;
				DEVELOPMENT_ASSET_PATHS = "\"Forex Calc Swift UI/Preview Content\"";
				DEVELOPMENT_TEAM = TN8F86PNVM;
				ENABLE_PREVIEWS = YES;
				GENERATE_INFOPLIST_FILE = YES;
				INFOPLIST_KEY_UIApplicationSceneManifest_Generation = YES;
				INFOPLIST_KEY_UIApplicationSupportsIndirectInputEvents = YES;
				INFOPLIST_KEY_UILaunchScreen_Generation = YES;
				INFOPLIST_KEY_UISupportedInterfaceOrientations_iPad = "UIInterfaceOrientationPortrait UIInterfaceOrientationPortraitUpsideDown UIInterfaceOrientationLandscapeLeft UIInterfaceOrientationLandscapeRight";
				INFOPLIST_KEY_UISupportedInterfaceOrientations_iPhone = "UIInterfaceOrientationPortrait UIInterfaceOrientationLandscapeLeft UIInterfaceOrientationLandscapeRight";
				LD_RUNPATH_SEARCH_PATHS = (
					"$(inherited)",
					"@executable_path/Frameworks",
				);
				MARKETING_VERSION = 1.0;
				PRODUCT_BUNDLE_IDENTIFIER = "com.kibichy.Forex-Calc-Swift-UI";
				PRODUCT_NAME = "$(TARGET_NAME)";
				SWIFT_EMIT_LOC_STRINGS = YES;
				SWIFT_VERSION = 5.0;
				TARGETED_DEVICE_FAMILY = "1,2";
			};
			name = Debug;
		};
		057B7B3B2BF606790004B442 /* Release */ = {
			isa = XCBuildConfiguration;
			buildSettings = {
				ASSETCATALOG_COMPILER_APPICON_NAME = AppIcon;
				ASSETCATALOG_COMPILER_GLOBAL_ACCENT_COLOR_NAME = AccentColor;
				CODE_SIGN_STYLE = Automatic;
				CURRENT_PROJECT_VERSION = 1;
				DEVELOPMENT_ASSET_PATHS = "\"Forex Calc Swift UI/Preview Content\"";
				DEVELOPMENT_TEAM = TN8F86PNVM;
				ENABLE_PREVIEWS = YES;
				GENERATE_INFOPLIST_FILE = YES;
				INFOPLIST_KEY_UIApplicationSceneManifest_Generation = YES;
				INFOPLIST_KEY_UIApplicationSupportsIndirectInputEvents = YES;
				INFOPLIST_KEY_UILaunchScreen_Generation = YES;
				INFOPLIST_KEY_UISupportedInterfaceOrientations_iPad = "UIInterfaceOrientationPortrait UIInterfaceOrientationPortraitUpsideDown UIInterfaceOrientationLandscapeLeft UIInterfaceOrientationLandscapeRight";
				INFOPLIST_KEY_UISupportedInterfaceOrientations_iPhone = "UIInterfaceOrientationPortrait UIInterfaceOrientationLandscapeLeft UIInterfaceOrientationLandscapeRight";
				LD_RUNPATH_SEARCH_PATHS = (
					"$(inherited)",
					"@executable_path/Frameworks",
				);
				MARKETING_VERSION = 1.0;
				PRODUCT_BUNDLE_IDENTIFIER = "com.kibichy.Forex-Calc-Swift-UI";
				PRODUCT_NAME = "$(TARGET_NAME)";
				SWIFT_EMIT_LOC_STRINGS = YES;
				SWIFT_VERSION = 5.0;
				TARGETED_DEVICE_FAMILY = "1,2";
			};
			name = Release;
		};
/* End XCBuildConfiguration section */

/* Begin XCConfigurationList section */
		057B7B262BF606780004B442 /* Build configuration list for PBXProject "Forex Calc Swift UI" */ = {
			isa = XCConfigurationList;
			buildConfigurations = (
				057B7B372BF606790004B442 /* Debug */,
				057B7B382BF606790004B442 /* Release */,
			);
			defaultConfigurationIsVisible = 0;
			defaultConfigurationName = Release;
		};
		057B7B392BF606790004B442 /* Build configuration list for PBXNativeTarget "Forex Calc Swift UI" */ = {
			isa = XCConfigurationList;
			buildConfigurations = (
				057B7B3A2BF606790004B442 /* Debug */,
				057B7B3B2BF606790004B442 /* Release */,
			);
			defaultConfigurationIsVisible = 0;
			defaultConfigurationName = Release;
		};
/* End XCConfigurationList section */
	};
	rootObject = 057B7B232BF606780004B442 /* Project object */;
}
